
Microsoft Visual Studio Solution File, Format Version 12.00
# Visual Studio Version 17
VisualStudioVersion = 17.2.32616.157
MinimumVisualStudioVersion = 10.0.40219.1
Project("{2150E333-8FDC-42A3-9474-1A3956D46DE8}") = "src", "src", "{0E142D56-2652-45CC-B596-933C94442E3F}"
EndProject
Project("{2150E333-8FDC-42A3-9474-1A3956D46DE8}") = "tests", "tests", "{DFA486FA-9820-4B6E-B725-6D86663809EE}"
EndProject
Project("{2150E333-8FDC-42A3-9474-1A3956D46DE8}") = "database", "database", "{D2E661A9-F1E3-4C61-8BE1-38D7080831B0}"
EndProject
Project("{2150E333-8FDC-42A3-9474-1A3956D46DE8}") = "api-gateway", "api-gateway", "{CFC7A780-C6ED-4F13-9E7C-6B95374F0A50}"
EndProject
Project("{2150E333-8FDC-42A3-9474-1A3956D46DE8}") = "building-blocks", "building-blocks", "{7AA1BD5F-F8A1-4DB1-A6D9-B43691C1998A}"
EndProject
Project("{2150E333-8FDC-42A3-9474-1A3956D46DE8}") = "services", "services", "{BCD230D6-D566-4DB9-B238-54150D9EB79E}"
EndProject
Project("{2150E333-8FDC-42A3-9474-1A3956D46DE8}") = "Meetings", "Meetings", "{0817ACC0-0EFF-497D-A6D8-8C4D2C67916A}"
EndProject
Project("{2150E333-8FDC-42A3-9474-1A3956D46DE8}") = "Payments", "Payments", "{CD0CC09B-B1D5-4F44-BBE6-2C7E6C8FBD7F}"
EndProject
Project("{2150E333-8FDC-42A3-9474-1A3956D46DE8}") = "UserAccess", "UserAccess", "{CFC53949-D78F-4198-A1B9-B4D31FF0D95C}"
EndProject
Project("{2150E333-8FDC-42A3-9474-1A3956D46DE8}") = "Administration", "Administration", "{E18C9EFC-E7FB-4365-91FD-AB2E7D06FE83}"
EndProject
Project("{9A19103F-16F7-4668-BE54-9A1E7A4F7556}") = "MyMeeting.Services.Meetings.Application", "src\services\Meetings\MyMeeting.Services.Meetings.Application\MyMeeting.Services.Meetings.Application.csproj", "{BAB05057-79F4-4F47-B00A-5EFB77E131B1}"
EndProject
Project("{9A19103F-16F7-4668-BE54-9A1E7A4F7556}") = "MyMeeting.Services.Meetings.Core", "src\services\Meetings\MyMeeting.Services.Meetings.Core\MyMeeting.Services.Meetings.Core.csproj", "{791FEA0F-21BC-4A65-9849-71AC401BFF25}"
EndProject
Project("{9A19103F-16F7-4668-BE54-9A1E7A4F7556}") = "MyMeeting.Services.Meeting.Infrastructure", "src\services\Meetings\MyMeeting.Services.Meeting.Infrastructure\MyMeeting.Services.Meeting.Infrastructure.csproj", "{E1B56C41-076C-4489-B3FD-E8A98CFF0F25}"
EndProject
Project("{9A19103F-16F7-4668-BE54-9A1E7A4F7556}") = "MyMeeting.Services.Meeting.Api", "src\services\Meetings\MyMeeting.Services.Meeting.Api\MyMeeting.Services.Meeting.Api.csproj", "{CADB9C7D-F8F9-474C-B5FC-8DCCE0E4301F}"
EndProject
Project("{9A19103F-16F7-4668-BE54-9A1E7A4F7556}") = "BuildingBlocks.Abstractions", "src\building-blocks\BuildingBlocks.Abstractions\BuildingBlocks.Abstractions.csproj", "{90877D33-9BB8-46EE-A411-A70109FCED16}"
EndProject
Project("{9A19103F-16F7-4668-BE54-9A1E7A4F7556}") = "BuildingBlocks.Core", "src\building-blocks\BuildingBlocks.Core\BuildingBlocks.Core.csproj", "{AB18146B-099C-449E-8031-E0D07C595705}"
EndProject
Project("{2150E333-8FDC-42A3-9474-1A3956D46DE8}") = "Tests", "Tests", "{2E17B86E-FE1E-4632-A1CC-7DD6A071A0E4}"
EndProject
Project("{9A19103F-16F7-4668-BE54-9A1E7A4F7556}") = "MyMeeting.services.Meetings.Tests.IntegrationTests", "src\services\Meetings\Tests\MyMeeting.services.Meetings.Tests.IntegrationTests\MyMeeting.services.Meetings.Tests.IntegrationTests.csproj", "{26F2DFA5-A1F1-42BC-8BFF-19B1684983C6}"
EndProject
Project("{9A19103F-16F7-4668-BE54-9A1E7A4F7556}") = "MyMeeting.services.Meetings.DatabaseMigration", "database\MyMeeting.services.Meetings.DatabaseMigration\MyMeeting.services.Meetings.DatabaseMigration.csproj", "{4C0575C4-FF33-4747-B70A-035817CCBA02}"
EndProject
Project("{9A19103F-16F7-4668-BE54-9A1E7A4F7556}") = "BuildBlocks.Persistence.EfCore.SqlServer", "src\building-blocks\BuildBlocks.Persistence.EfCore.SqlServer\BuildBlocks.Persistence.EfCore.SqlServer.csproj", "{C4D89073-197B-4A64-98BB-77A146D58C3A}"
EndProject
Project("{9A19103F-16F7-4668-BE54-9A1E7A4F7556}") = "BuildingBlocks.Messaging.Persistence.SqlServer", "src\building-blocks\BuildingBlocks.Messaging.Persistence.SqlServer\BuildingBlocks.Messaging.Persistence.SqlServer.csproj", "{DA458BDC-0768-4AF8-A9EE-69B85F5FB83C}"
EndProject
Project("{9A19103F-16F7-4668-BE54-9A1E7A4F7556}") = "BuildingBlocks.Integration.MassTransit", "src\building-blocks\BuildingBlocks.Integration.MassTransit\BuildingBlocks.Integration.MassTransit.csproj", "{A9901997-380C-4DBE-B203-75420126C0BA}"
EndProject
Project("{FAE04EC0-301F-11D3-BF4B-00C04F79EFBC}") = "MyMeeting.Services.Administration.Api", "src\services\Administration\MyMeeting.Services.Administration.Api\MyMeeting.Services.Administration.Api.csproj", "{989423B3-275E-4B03-8FA3-2B9C4C683C11}"
EndProject
Project("{FAE04EC0-301F-11D3-BF4B-00C04F79EFBC}") = "MyMeeting.Services.Administration.Application", "src\services\Administration\MyMeeting.Services.Administration.Application\MyMeeting.Services.Administration.Application.csproj", "{B296D3BE-E49A-4476-B823-5B8CF9CA3DF1}"
EndProject
Project("{FAE04EC0-301F-11D3-BF4B-00C04F79EFBC}") = "MyMeeting.Services.Administration.Core", "src\services\Administration\MyMeeting.Services.Administration.Core\MyMeeting.Services.Administration.Core.csproj", "{1530455B-270A-4F14-8441-9135F814317A}"
EndProject
Project("{FAE04EC0-301F-11D3-BF4B-00C04F79EFBC}") = "MyMeeting.Services.Administration.Infrastructure", "src\services\Administration\MyMeeting.Services.Administration.Infrastructure\MyMeeting.Services.Administration.Infrastructure.csproj", "{51E35C8E-0060-4E11-95B7-DE633B0335D0}"
EndProject
Project("{2150E333-8FDC-42A3-9474-1A3956D46DE8}") = "Shared", "Shared", "{53EA9757-777E-4B36-9FAE-C5B92B09AD7A}"
EndProject
Project("{FAE04EC0-301F-11D3-BF4B-00C04F79EFBC}") = "MyMeeting.Services.Shared", "src\services\Shared\MyMeeting.Services.Shared\MyMeeting.Services.Shared.csproj", "{BC96BF1D-55E0-4F0F-9EAC-D53E2D23E158}"
EndProject
Global
	GlobalSection(SolutionConfigurationPlatforms) = preSolution
		Debug|Any CPU = Debug|Any CPU
		Release|Any CPU = Release|Any CPU
	EndGlobalSection
	GlobalSection(ProjectConfigurationPlatforms) = postSolution
		{BAB05057-79F4-4F47-B00A-5EFB77E131B1}.Debug|Any CPU.ActiveCfg = Debug|Any CPU
		{BAB05057-79F4-4F47-B00A-5EFB77E131B1}.Debug|Any CPU.Build.0 = Debug|Any CPU
		{BAB05057-79F4-4F47-B00A-5EFB77E131B1}.Release|Any CPU.ActiveCfg = Release|Any CPU
		{BAB05057-79F4-4F47-B00A-5EFB77E131B1}.Release|Any CPU.Build.0 = Release|Any CPU
		{791FEA0F-21BC-4A65-9849-71AC401BFF25}.Debug|Any CPU.ActiveCfg = Debug|Any CPU
		{791FEA0F-21BC-4A65-9849-71AC401BFF25}.Debug|Any CPU.Build.0 = Debug|Any CPU
		{791FEA0F-21BC-4A65-9849-71AC401BFF25}.Release|Any CPU.ActiveCfg = Release|Any CPU
		{791FEA0F-21BC-4A65-9849-71AC401BFF25}.Release|Any CPU.Build.0 = Release|Any CPU
		{E1B56C41-076C-4489-B3FD-E8A98CFF0F25}.Debug|Any CPU.ActiveCfg = Debug|Any CPU
		{E1B56C41-076C-4489-B3FD-E8A98CFF0F25}.Debug|Any CPU.Build.0 = Debug|Any CPU
		{E1B56C41-076C-4489-B3FD-E8A98CFF0F25}.Release|Any CPU.ActiveCfg = Release|Any CPU
		{E1B56C41-076C-4489-B3FD-E8A98CFF0F25}.Release|Any CPU.Build.0 = Release|Any CPU
		{CADB9C7D-F8F9-474C-B5FC-8DCCE0E4301F}.Debug|Any CPU.ActiveCfg = Debug|Any CPU
		{CADB9C7D-F8F9-474C-B5FC-8DCCE0E4301F}.Debug|Any CPU.Build.0 = Debug|Any CPU
		{CADB9C7D-F8F9-474C-B5FC-8DCCE0E4301F}.Release|Any CPU.ActiveCfg = Release|Any CPU
		{CADB9C7D-F8F9-474C-B5FC-8DCCE0E4301F}.Release|Any CPU.Build.0 = Release|Any CPU
		{90877D33-9BB8-46EE-A411-A70109FCED16}.Debug|Any CPU.ActiveCfg = Debug|Any CPU
		{90877D33-9BB8-46EE-A411-A70109FCED16}.Debug|Any CPU.Build.0 = Debug|Any CPU
		{90877D33-9BB8-46EE-A411-A70109FCED16}.Release|Any CPU.ActiveCfg = Release|Any CPU
		{90877D33-9BB8-46EE-A411-A70109FCED16}.Release|Any CPU.Build.0 = Release|Any CPU
		{AB18146B-099C-449E-8031-E0D07C595705}.Debug|Any CPU.ActiveCfg = Debug|Any CPU
		{AB18146B-099C-449E-8031-E0D07C595705}.Debug|Any CPU.Build.0 = Debug|Any CPU
		{AB18146B-099C-449E-8031-E0D07C595705}.Release|Any CPU.ActiveCfg = Release|Any CPU
		{AB18146B-099C-449E-8031-E0D07C595705}.Release|Any CPU.Build.0 = Release|Any CPU
		{26F2DFA5-A1F1-42BC-8BFF-19B1684983C6}.Debug|Any CPU.ActiveCfg = Debug|Any CPU
		{26F2DFA5-A1F1-42BC-8BFF-19B1684983C6}.Debug|Any CPU.Build.0 = Debug|Any CPU
		{26F2DFA5-A1F1-42BC-8BFF-19B1684983C6}.Release|Any CPU.ActiveCfg = Release|Any CPU
		{26F2DFA5-A1F1-42BC-8BFF-19B1684983C6}.Release|Any CPU.Build.0 = Release|Any CPU
		{4C0575C4-FF33-4747-B70A-035817CCBA02}.Debug|Any CPU.ActiveCfg = Debug|Any CPU
		{4C0575C4-FF33-4747-B70A-035817CCBA02}.Debug|Any CPU.Build.0 = Debug|Any CPU
		{4C0575C4-FF33-4747-B70A-035817CCBA02}.Release|Any CPU.ActiveCfg = Release|Any CPU
		{4C0575C4-FF33-4747-B70A-035817CCBA02}.Release|Any CPU.Build.0 = Release|Any CPU
		{C4D89073-197B-4A64-98BB-77A146D58C3A}.Debug|Any CPU.ActiveCfg = Debug|Any CPU
		{C4D89073-197B-4A64-98BB-77A146D58C3A}.Debug|Any CPU.Build.0 = Debug|Any CPU
		{C4D89073-197B-4A64-98BB-77A146D58C3A}.Release|Any CPU.ActiveCfg = Release|Any CPU
		{C4D89073-197B-4A64-98BB-77A146D58C3A}.Release|Any CPU.Build.0 = Release|Any CPU
		{DA458BDC-0768-4AF8-A9EE-69B85F5FB83C}.Debug|Any CPU.ActiveCfg = Debug|Any CPU
		{DA458BDC-0768-4AF8-A9EE-69B85F5FB83C}.Debug|Any CPU.Build.0 = Debug|Any CPU
		{DA458BDC-0768-4AF8-A9EE-69B85F5FB83C}.Release|Any CPU.ActiveCfg = Release|Any CPU
		{DA458BDC-0768-4AF8-A9EE-69B85F5FB83C}.Release|Any CPU.Build.0 = Release|Any CPU
		{A9901997-380C-4DBE-B203-75420126C0BA}.Debug|Any CPU.ActiveCfg = Debug|Any CPU
		{A9901997-380C-4DBE-B203-75420126C0BA}.Debug|Any CPU.Build.0 = Debug|Any CPU
		{A9901997-380C-4DBE-B203-75420126C0BA}.Release|Any CPU.ActiveCfg = Release|Any CPU
		{A9901997-380C-4DBE-B203-75420126C0BA}.Release|Any CPU.Build.0 = Release|Any CPU
		{989423B3-275E-4B03-8FA3-2B9C4C683C11}.Debug|Any CPU.ActiveCfg = Debug|Any CPU
		{989423B3-275E-4B03-8FA3-2B9C4C683C11}.Debug|Any CPU.Build.0 = Debug|Any CPU
		{989423B3-275E-4B03-8FA3-2B9C4C683C11}.Release|Any CPU.ActiveCfg = Release|Any CPU
		{989423B3-275E-4B03-8FA3-2B9C4C683C11}.Release|Any CPU.Build.0 = Release|Any CPU
		{B296D3BE-E49A-4476-B823-5B8CF9CA3DF1}.Debug|Any CPU.ActiveCfg = Debug|Any CPU
		{B296D3BE-E49A-4476-B823-5B8CF9CA3DF1}.Debug|Any CPU.Build.0 = Debug|Any CPU
		{B296D3BE-E49A-4476-B823-5B8CF9CA3DF1}.Release|Any CPU.ActiveCfg = Release|Any CPU
		{B296D3BE-E49A-4476-B823-5B8CF9CA3DF1}.Release|Any CPU.Build.0 = Release|Any CPU
		{1530455B-270A-4F14-8441-9135F814317A}.Debug|Any CPU.ActiveCfg = Debug|Any CPU
		{1530455B-270A-4F14-8441-9135F814317A}.Debug|Any CPU.Build.0 = Debug|Any CPU
		{1530455B-270A-4F14-8441-9135F814317A}.Release|Any CPU.ActiveCfg = Release|Any CPU
		{1530455B-270A-4F14-8441-9135F814317A}.Release|Any CPU.Build.0 = Release|Any CPU
		{51E35C8E-0060-4E11-95B7-DE633B0335D0}.Debug|Any CPU.ActiveCfg = Debug|Any CPU
		{51E35C8E-0060-4E11-95B7-DE633B0335D0}.Debug|Any CPU.Build.0 = Debug|Any CPU
		{51E35C8E-0060-4E11-95B7-DE633B0335D0}.Release|Any CPU.ActiveCfg = Release|Any CPU
		{51E35C8E-0060-4E11-95B7-DE633B0335D0}.Release|Any CPU.Build.0 = Release|Any CPU
		{BC96BF1D-55E0-4F0F-9EAC-D53E2D23E158}.Debug|Any CPU.ActiveCfg = Debug|Any CPU
		{BC96BF1D-55E0-4F0F-9EAC-D53E2D23E158}.Debug|Any CPU.Build.0 = Debug|Any CPU
		{BC96BF1D-55E0-4F0F-9EAC-D53E2D23E158}.Release|Any CPU.ActiveCfg = Release|Any CPU
		{BC96BF1D-55E0-4F0F-9EAC-D53E2D23E158}.Release|Any CPU.Build.0 = Release|Any CPU
	EndGlobalSection
	GlobalSection(SolutionProperties) = preSolution
		HideSolutionNode = FALSE
	EndGlobalSection
	GlobalSection(NestedProjects) = preSolution
		{CFC7A780-C6ED-4F13-9E7C-6B95374F0A50} = {0E142D56-2652-45CC-B596-933C94442E3F}
		{7AA1BD5F-F8A1-4DB1-A6D9-B43691C1998A} = {0E142D56-2652-45CC-B596-933C94442E3F}
		{BCD230D6-D566-4DB9-B238-54150D9EB79E} = {0E142D56-2652-45CC-B596-933C94442E3F}
		{0817ACC0-0EFF-497D-A6D8-8C4D2C67916A} = {BCD230D6-D566-4DB9-B238-54150D9EB79E}
		{CD0CC09B-B1D5-4F44-BBE6-2C7E6C8FBD7F} = {BCD230D6-D566-4DB9-B238-54150D9EB79E}
		{CFC53949-D78F-4198-A1B9-B4D31FF0D95C} = {BCD230D6-D566-4DB9-B238-54150D9EB79E}
		{E18C9EFC-E7FB-4365-91FD-AB2E7D06FE83} = {BCD230D6-D566-4DB9-B238-54150D9EB79E}
		{BAB05057-79F4-4F47-B00A-5EFB77E131B1} = {0817ACC0-0EFF-497D-A6D8-8C4D2C67916A}
		{791FEA0F-21BC-4A65-9849-71AC401BFF25} = {0817ACC0-0EFF-497D-A6D8-8C4D2C67916A}
		{E1B56C41-076C-4489-B3FD-E8A98CFF0F25} = {0817ACC0-0EFF-497D-A6D8-8C4D2C67916A}
		{CADB9C7D-F8F9-474C-B5FC-8DCCE0E4301F} = {0817ACC0-0EFF-497D-A6D8-8C4D2C67916A}
		{90877D33-9BB8-46EE-A411-A70109FCED16} = {7AA1BD5F-F8A1-4DB1-A6D9-B43691C1998A}
		{AB18146B-099C-449E-8031-E0D07C595705} = {7AA1BD5F-F8A1-4DB1-A6D9-B43691C1998A}
		{2E17B86E-FE1E-4632-A1CC-7DD6A071A0E4} = {0817ACC0-0EFF-497D-A6D8-8C4D2C67916A}
		{26F2DFA5-A1F1-42BC-8BFF-19B1684983C6} = {2E17B86E-FE1E-4632-A1CC-7DD6A071A0E4}
		{4C0575C4-FF33-4747-B70A-035817CCBA02} = {D2E661A9-F1E3-4C61-8BE1-38D7080831B0}
		{C4D89073-197B-4A64-98BB-77A146D58C3A} = {7AA1BD5F-F8A1-4DB1-A6D9-B43691C1998A}
		{DA458BDC-0768-4AF8-A9EE-69B85F5FB83C} = {7AA1BD5F-F8A1-4DB1-A6D9-B43691C1998A}
		{A9901997-380C-4DBE-B203-75420126C0BA} = {7AA1BD5F-F8A1-4DB1-A6D9-B43691C1998A}
		{989423B3-275E-4B03-8FA3-2B9C4C683C11} = {E18C9EFC-E7FB-4365-91FD-AB2E7D06FE83}
		{B296D3BE-E49A-4476-B823-5B8CF9CA3DF1} = {E18C9EFC-E7FB-4365-91FD-AB2E7D06FE83}
		{1530455B-270A-4F14-8441-9135F814317A} = {E18C9EFC-E7FB-4365-91FD-AB2E7D06FE83}
		{51E35C8E-0060-4E11-95B7-DE633B0335D0} = {E18C9EFC-E7FB-4365-91FD-AB2E7D06FE83}
		{53EA9757-777E-4B36-9FAE-C5B92B09AD7A} = {BCD230D6-D566-4DB9-B238-54150D9EB79E}
		{BC96BF1D-55E0-4F0F-9EAC-D53E2D23E158} = {53EA9757-777E-4B36-9FAE-C5B92B09AD7A}
	EndGlobalSection
	GlobalSection(ExtensibilityGlobals) = postSolution
		SolutionGuid = {F27E50BA-E1EE-4209-8B6B-6CAEF65A519C}
	EndGlobalSection
EndGlobal
